
Microsoft Visual Studio Solution File, Format Version 12.00
Project("{FAE04EC0-301F-11D3-BF4B-00C04F79EFBC}") = "Play", "Play\Play.csproj", "{924CF3EB-4D99-4B82-9E8C-6C15F3B508E8}"
EndProject
Project("{FAE04EC0-301F-11D3-BF4B-00C04F79EFBC}") = "Jimbl", "Jimbl\Jimbl.csproj", "{D39180B5-B811-44CB-A858-8EA1F473889A}"
EndProject
Global
	GlobalSection(SolutionConfigurationPlatforms) = preSolution
		Debug|Any CPU = Debug|Any CPU
		Release|Any CPU = Release|Any CPU
	EndGlobalSection
	GlobalSection(ProjectConfigurationPlatforms) = postSolution
		{924CF3EB-4D99-4B82-9E8C-6C15F3B508E8}.Debug|Any CPU.ActiveCfg = Debug|Any CPU
		{924CF3EB-4D99-4B82-9E8C-6C15F3B508E8}.Debug|Any CPU.Build.0 = Debug|Any CPU
		{924CF3EB-4D99-4B82-9E8C-6C15F3B508E8}.Release|Any CPU.ActiveCfg = Release|Any CPU
		{924CF3EB-4D99-4B82-9E8C-6C15F3B508E8}.Release|Any CPU.Build.0 = Release|Any CPU
		{D39180B5-B811-44CB-A858-8EA1F473889A}.Debug|Any CPU.ActiveCfg = Debug|Any CPU
		{D39180B5-B811-44CB-A858-8EA1F473889A}.Debug|Any CPU.Build.0 = Debug|Any CPU
		{D39180B5-B811-44CB-A858-8EA1F473889A}.Release|Any CPU.ActiveCfg = Release|Any CPU
		{D39180B5-B811-44CB-A858-8EA1F473889A}.Release|Any CPU.Build.0 = Release|Any CPU
	EndGlobalSection
EndGlobal
